// !$*UTF8*$!
{
	archiveVersion = 1;
	classes = {
	};
	objectVersion = 51;
	objects = {

/* Begin PBXBuildFile section */
		CC7E5D57DB98690EC05E9B23 /* Pods_Flix_FlixUITests.framework in Frameworks */ = {isa = PBXBuildFile; fileRef = F4A725200CDB3E4E7B6C6E57 /* Pods_Flix_FlixUITests.framework */; };
		E6CCCEC866F764977BFEF870 /* Pods_Flix.framework in Frameworks */ = {isa = PBXBuildFile; fileRef = 00BE7E4FCB7235F2899EB93E /* Pods_Flix.framework */; };
		EC4183182363B48F002D6450 /* MovieDetailViewController.swift in Sources */ = {isa = PBXBuildFile; fileRef = EC4183172363B48F002D6450 /* MovieDetailViewController.swift */; };
		EC41831A2363D211002D6450 /* MovieGridViewController.swift in Sources */ = {isa = PBXBuildFile; fileRef = EC4183192363D211002D6450 /* MovieGridViewController.swift */; };
		EC41831C2363D531002D6450 /* MovieGridCell.swift in Sources */ = {isa = PBXBuildFile; fileRef = EC41831B2363D531002D6450 /* MovieGridCell.swift */; };
		EC9DAF16235D5A0F009839C2 /* MovieCell.swift in Sources */ = {isa = PBXBuildFile; fileRef = EC9DAF15235D5A0F009839C2 /* MovieCell.swift */; };
		ECF81198235D365B00EFED9F /* AppDelegate.swift in Sources */ = {isa = PBXBuildFile; fileRef = ECF81197235D365B00EFED9F /* AppDelegate.swift */; };
		ECF8119A235D365B00EFED9F /* ViewController.swift in Sources */ = {isa = PBXBuildFile; fileRef = ECF81199235D365B00EFED9F /* ViewController.swift */; };
		ECF8119D235D365B00EFED9F /* Main.storyboard in Resources */ = {isa = PBXBuildFile; fileRef = ECF8119B235D365B00EFED9F /* Main.storyboard */; };
		ECF8119F235D365C00EFED9F /* Assets.xcassets in Resources */ = {isa = PBXBuildFile; fileRef = ECF8119E235D365C00EFED9F /* Assets.xcassets */; };
		ECF811A2235D365C00EFED9F /* LaunchScreen.storyboard in Resources */ = {isa = PBXBuildFile; fileRef = ECF811A0235D365C00EFED9F /* LaunchScreen.storyboard */; };
		ECF811AD235D365C00EFED9F /* FlixTests.swift in Sources */ = {isa = PBXBuildFile; fileRef = ECF811AC235D365C00EFED9F /* FlixTests.swift */; };
		ECF811B8235D365C00EFED9F /* FlixUITests.swift in Sources */ = {isa = PBXBuildFile; fileRef = ECF811B7235D365C00EFED9F /* FlixUITests.swift */; };
		ECF811C6235D3BD100EFED9F /* MoviesViewController.swift in Sources */ = {isa = PBXBuildFile; fileRef = ECF811C5235D3BD100EFED9F /* MoviesViewController.swift */; };
		FF1211EBAD7B77E9522CD781 /* Pods_FlixTests.framework in Frameworks */ = {isa = PBXBuildFile; fileRef = DC2E36CCB7E9393E6CDDD595 /* Pods_FlixTests.framework */; };
/* End PBXBuildFile section */

/* Begin PBXContainerItemProxy section */
		ECF811A9235D365C00EFED9F /* PBXContainerItemProxy */ = {
			isa = PBXContainerItemProxy;
			containerPortal = ECF8118C235D365B00EFED9F /* Project object */;
			proxyType = 1;
			remoteGlobalIDString = ECF81193235D365B00EFED9F;
			remoteInfo = Flix;
		};
		ECF811B4235D365C00EFED9F /* PBXContainerItemProxy */ = {
			isa = PBXContainerItemProxy;
			containerPortal = ECF8118C235D365B00EFED9F /* Project object */;
			proxyType = 1;
			remoteGlobalIDString = ECF81193235D365B00EFED9F;
			remoteInfo = Flix;
		};
/* End PBXContainerItemProxy section */

/* Begin PBXFileReference section */
		00BE7E4FCB7235F2899EB93E /* Pods_Flix.framework */ = {isa = PBXFileReference; explicitFileType = wrapper.framework; includeInIndex = 0; path = Pods_Flix.framework; sourceTree = BUILT_PRODUCTS_DIR; };
		44D32BAF2CE7DA170F14C972 /* Pods-FlixTests.debug.xcconfig */ = {isa = PBXFileReference; includeInIndex = 1; lastKnownFileType = text.xcconfig; name = "Pods-FlixTests.debug.xcconfig"; path = "Target Support Files/Pods-FlixTests/Pods-FlixTests.debug.xcconfig"; sourceTree = "<group>"; };
		7C19953808BF436AF38F801C /* Pods-Flix-FlixUITests.debug.xcconfig */ = {isa = PBXFileReference; includeInIndex = 1; lastKnownFileType = text.xcconfig; name = "Pods-Flix-FlixUITests.debug.xcconfig"; path = "Target Support Files/Pods-Flix-FlixUITests/Pods-Flix-FlixUITests.debug.xcconfig"; sourceTree = "<group>"; };
		7D3CA616FE64BAAE8339525B /* Pods-FlixTests.release.xcconfig */ = {isa = PBXFileReference; includeInIndex = 1; lastKnownFileType = text.xcconfig; name = "Pods-FlixTests.release.xcconfig"; path = "Target Support Files/Pods-FlixTests/Pods-FlixTests.release.xcconfig"; sourceTree = "<group>"; };
		A416F08FD8E3D5E02485771F /* Pods-Flix-FlixUITests.release.xcconfig */ = {isa = PBXFileReference; includeInIndex = 1; lastKnownFileType = text.xcconfig; name = "Pods-Flix-FlixUITests.release.xcconfig"; path = "Target Support Files/Pods-Flix-FlixUITests/Pods-Flix-FlixUITests.release.xcconfig"; sourceTree = "<group>"; };
		A693DB802A82FD85F779965D /* Pods-Flix.debug.xcconfig */ = {isa = PBXFileReference; includeInIndex = 1; lastKnownFileType = text.xcconfig; name = "Pods-Flix.debug.xcconfig"; path = "Target Support Files/Pods-Flix/Pods-Flix.debug.xcconfig"; sourceTree = "<group>"; };
		D88E32402458B38A78AC3D6A /* Pods-Flix.release.xcconfig */ = {isa = PBXFileReference; includeInIndex = 1; lastKnownFileType = text.xcconfig; name = "Pods-Flix.release.xcconfig"; path = "Target Support Files/Pods-Flix/Pods-Flix.release.xcconfig"; sourceTree = "<group>"; };
		DC2E36CCB7E9393E6CDDD595 /* Pods_FlixTests.framework */ = {isa = PBXFileReference; explicitFileType = wrapper.framework; includeInIndex = 0; path = Pods_FlixTests.framework; sourceTree = BUILT_PRODUCTS_DIR; };
		EC4183172363B48F002D6450 /* MovieDetailViewController.swift */ = {isa = PBXFileReference; lastKnownFileType = sourcecode.swift; path = MovieDetailViewController.swift; sourceTree = "<group>"; };
		EC4183192363D211002D6450 /* MovieGridViewController.swift */ = {isa = PBXFileReference; lastKnownFileType = sourcecode.swift; path = MovieGridViewController.swift; sourceTree = "<group>"; };
		EC41831B2363D531002D6450 /* MovieGridCell.swift */ = {isa = PBXFileReference; lastKnownFileType = sourcecode.swift; path = MovieGridCell.swift; sourceTree = "<group>"; };
		EC9DAF15235D5A0F009839C2 /* MovieCell.swift */ = {isa = PBXFileReference; lastKnownFileType = sourcecode.swift; path = MovieCell.swift; sourceTree = "<group>"; };
		ECF81194235D365B00EFED9F /* Flix.app */ = {isa = PBXFileReference; explicitFileType = wrapper.application; includeInIndex = 0; path = Flix.app; sourceTree = BUILT_PRODUCTS_DIR; };
		ECF81197235D365B00EFED9F /* AppDelegate.swift */ = {isa = PBXFileReference; lastKnownFileType = sourcecode.swift; path = AppDelegate.swift; sourceTree = "<group>"; };
		ECF81199235D365B00EFED9F /* ViewController.swift */ = {isa = PBXFileReference; lastKnownFileType = sourcecode.swift; path = ViewController.swift; sourceTree = "<group>"; };
		ECF8119C235D365B00EFED9F /* Base */ = {isa = PBXFileReference; lastKnownFileType = file.storyboard; name = Base; path = Base.lproj/Main.storyboard; sourceTree = "<group>"; };
		ECF8119E235D365C00EFED9F /* Assets.xcassets */ = {isa = PBXFileReference; lastKnownFileType = folder.assetcatalog; path = Assets.xcassets; sourceTree = "<group>"; };
		ECF811A1235D365C00EFED9F /* Base */ = {isa = PBXFileReference; lastKnownFileType = file.storyboard; name = Base; path = Base.lproj/LaunchScreen.storyboard; sourceTree = "<group>"; };
		ECF811A3235D365C00EFED9F /* Info.plist */ = {isa = PBXFileReference; lastKnownFileType = text.plist.xml; path = Info.plist; sourceTree = "<group>"; };
		ECF811A8235D365C00EFED9F /* FlixTests.xctest */ = {isa = PBXFileReference; explicitFileType = wrapper.cfbundle; includeInIndex = 0; path = FlixTests.xctest; sourceTree = BUILT_PRODUCTS_DIR; };
		ECF811AC235D365C00EFED9F /* FlixTests.swift */ = {isa = PBXFileReference; lastKnownFileType = sourcecode.swift; path = FlixTests.swift; sourceTree = "<group>"; };
		ECF811AE235D365C00EFED9F /* Info.plist */ = {isa = PBXFileReference; lastKnownFileType = text.plist.xml; path = Info.plist; sourceTree = "<group>"; };
		ECF811B3235D365C00EFED9F /* FlixUITests.xctest */ = {isa = PBXFileReference; explicitFileType = wrapper.cfbundle; includeInIndex = 0; path = FlixUITests.xctest; sourceTree = BUILT_PRODUCTS_DIR; };
		ECF811B7235D365C00EFED9F /* FlixUITests.swift */ = {isa = PBXFileReference; lastKnownFileType = sourcecode.swift; path = FlixUITests.swift; sourceTree = "<group>"; };
		ECF811B9235D365C00EFED9F /* Info.plist */ = {isa = PBXFileReference; lastKnownFileType = text.plist.xml; path = Info.plist; sourceTree = "<group>"; };
		ECF811C5235D3BD100EFED9F /* MoviesViewController.swift */ = {isa = PBXFileReference; lastKnownFileType = sourcecode.swift; path = MoviesViewController.swift; sourceTree = "<group>"; };
		F4A725200CDB3E4E7B6C6E57 /* Pods_Flix_FlixUITests.framework */ = {isa = PBXFileReference; explicitFileType = wrapper.framework; includeInIndex = 0; path = Pods_Flix_FlixUITests.framework; sourceTree = BUILT_PRODUCTS_DIR; };
/* End PBXFileReference section */

/* Begin PBXFrameworksBuildPhase section */
		ECF81191235D365B00EFED9F /* Frameworks */ = {
			isa = PBXFrameworksBuildPhase;
			buildActionMask = 2147483647;
			files = (
				E6CCCEC866F764977BFEF870 /* Pods_Flix.framework in Frameworks */,
			);
			runOnlyForDeploymentPostprocessing = 0;
		};
		ECF811A5235D365C00EFED9F /* Frameworks */ = {
			isa = PBXFrameworksBuildPhase;
			buildActionMask = 2147483647;
			files = (
				FF1211EBAD7B77E9522CD781 /* Pods_FlixTests.framework in Frameworks */,
			);
			runOnlyForDeploymentPostprocessing = 0;
		};
		ECF811B0235D365C00EFED9F /* Frameworks */ = {
			isa = PBXFrameworksBuildPhase;
			buildActionMask = 2147483647;
			files = (
				CC7E5D57DB98690EC05E9B23 /* Pods_Flix_FlixUITests.framework in Frameworks */,
			);
			runOnlyForDeploymentPostprocessing = 0;
		};
/* End PBXFrameworksBuildPhase section */

/* Begin PBXGroup section */
		60B9E51566839C89CB9314D6 /* Frameworks */ = {
			isa = PBXGroup;
			children = (
				00BE7E4FCB7235F2899EB93E /* Pods_Flix.framework */,
				F4A725200CDB3E4E7B6C6E57 /* Pods_Flix_FlixUITests.framework */,
				DC2E36CCB7E9393E6CDDD595 /* Pods_FlixTests.framework */,
			);
			name = Frameworks;
			sourceTree = "<group>";
		};
		C9A7EC5BB482BC7F5D8F90D8 /* Pods */ = {
			isa = PBXGroup;
			children = (
				A693DB802A82FD85F779965D /* Pods-Flix.debug.xcconfig */,
				D88E32402458B38A78AC3D6A /* Pods-Flix.release.xcconfig */,
				7C19953808BF436AF38F801C /* Pods-Flix-FlixUITests.debug.xcconfig */,
				A416F08FD8E3D5E02485771F /* Pods-Flix-FlixUITests.release.xcconfig */,
				44D32BAF2CE7DA170F14C972 /* Pods-FlixTests.debug.xcconfig */,
				7D3CA616FE64BAAE8339525B /* Pods-FlixTests.release.xcconfig */,
			);
			path = Pods;
			sourceTree = "<group>";
		};
		ECF8118B235D365B00EFED9F = {
			isa = PBXGroup;
			children = (
				ECF81196235D365B00EFED9F /* Flix */,
				ECF811AB235D365C00EFED9F /* FlixTests */,
				ECF811B6235D365C00EFED9F /* FlixUITests */,
				ECF81195235D365B00EFED9F /* Products */,
				C9A7EC5BB482BC7F5D8F90D8 /* Pods */,
				60B9E51566839C89CB9314D6 /* Frameworks */,
			);
			sourceTree = "<group>";
		};
		ECF81195235D365B00EFED9F /* Products */ = {
			isa = PBXGroup;
			children = (
				ECF81194235D365B00EFED9F /* Flix.app */,
				ECF811A8235D365C00EFED9F /* FlixTests.xctest */,
				ECF811B3235D365C00EFED9F /* FlixUITests.xctest */,
			);
			name = Products;
			sourceTree = "<group>";
		};
		ECF81196235D365B00EFED9F /* Flix */ = {
			isa = PBXGroup;
			children = (
				ECF81197235D365B00EFED9F /* AppDelegate.swift */,
				ECF81199235D365B00EFED9F /* ViewController.swift */,
				ECF8119B235D365B00EFED9F /* Main.storyboard */,
				EC41831B2363D531002D6450 /* MovieGridCell.swift */,
				EC4183192363D211002D6450 /* MovieGridViewController.swift */,
				EC4183172363B48F002D6450 /* MovieDetailViewController.swift */,
				EC9DAF15235D5A0F009839C2 /* MovieCell.swift */,
				ECF811C5235D3BD100EFED9F /* MoviesViewController.swift */,
				ECF8119E235D365C00EFED9F /* Assets.xcassets */,
				ECF811A0235D365C00EFED9F /* LaunchScreen.storyboard */,
				ECF811A3235D365C00EFED9F /* Info.plist */,
			);
			path = Flix;
			sourceTree = "<group>";
		};
		ECF811AB235D365C00EFED9F /* FlixTests */ = {
			isa = PBXGroup;
			children = (
				ECF811AC235D365C00EFED9F /* FlixTests.swift */,
				ECF811AE235D365C00EFED9F /* Info.plist */,
			);
			path = FlixTests;
			sourceTree = "<group>";
		};
		ECF811B6235D365C00EFED9F /* FlixUITests */ = {
			isa = PBXGroup;
			children = (
				ECF811B7235D365C00EFED9F /* FlixUITests.swift */,
				ECF811B9235D365C00EFED9F /* Info.plist */,
			);
			path = FlixUITests;
			sourceTree = "<group>";
		};
/* End PBXGroup section */

/* Begin PBXNativeTarget section */
		ECF81193235D365B00EFED9F /* Flix */ = {
			isa = PBXNativeTarget;
			buildConfigurationList = ECF811BC235D365C00EFED9F /* Build configuration list for PBXNativeTarget "Flix" */;
			buildPhases = (
				091528E329B1D10383B7754B /* [CP] Check Pods Manifest.lock */,
				ECF81190235D365B00EFED9F /* Sources */,
				ECF81191235D365B00EFED9F /* Frameworks */,
				ECF81192235D365B00EFED9F /* Resources */,
				DFB1AE7A902754A7F7C62C58 /* [CP] Embed Pods Frameworks */,
			);
			buildRules = (
			);
			dependencies = (
			);
			name = Flix;
			productName = Flix;
			productReference = ECF81194235D365B00EFED9F /* Flix.app */;
			productType = "com.apple.product-type.application";
		};
		ECF811A7235D365C00EFED9F /* FlixTests */ = {
			isa = PBXNativeTarget;
			buildConfigurationList = ECF811BF235D365C00EFED9F /* Build configuration list for PBXNativeTarget "FlixTests" */;
			buildPhases = (
				BA903CA6FFD24BC06B3D9D00 /* [CP] Check Pods Manifest.lock */,
				ECF811A4235D365C00EFED9F /* Sources */,
				ECF811A5235D365C00EFED9F /* Frameworks */,
				ECF811A6235D365C00EFED9F /* Resources */,
			);
			buildRules = (
			);
			dependencies = (
				ECF811AA235D365C00EFED9F /* PBXTargetDependency */,
			);
			name = FlixTests;
			productName = FlixTests;
			productReference = ECF811A8235D365C00EFED9F /* FlixTests.xctest */;
			productType = "com.apple.product-type.bundle.unit-test";
		};
		ECF811B2235D365C00EFED9F /* FlixUITests */ = {
			isa = PBXNativeTarget;
			buildConfigurationList = ECF811C2235D365C00EFED9F /* Build configuration list for PBXNativeTarget "FlixUITests" */;
			buildPhases = (
				72BBC711767E5E882096BFD3 /* [CP] Check Pods Manifest.lock */,
				ECF811AF235D365C00EFED9F /* Sources */,
				ECF811B0235D365C00EFED9F /* Frameworks */,
				ECF811B1235D365C00EFED9F /* Resources */,
				D4FEA503340E2B95FD25B630 /* [CP] Embed Pods Frameworks */,
			);
			buildRules = (
			);
			dependencies = (
				ECF811B5235D365C00EFED9F /* PBXTargetDependency */,
			);
			name = FlixUITests;
			productName = FlixUITests;
			productReference = ECF811B3235D365C00EFED9F /* FlixUITests.xctest */;
			productType = "com.apple.product-type.bundle.ui-testing";
		};
/* End PBXNativeTarget section */

/* Begin PBXProject section */
		ECF8118C235D365B00EFED9F /* Project object */ = {
			isa = PBXProject;
			attributes = {
				LastSwiftUpdateCheck = 1030;
				LastUpgradeCheck = 1030;
				ORGANIZATIONNAME = codepath;
				TargetAttributes = {
					ECF81193235D365B00EFED9F = {
						CreatedOnToolsVersion = 10.3;
					};
					ECF811A7235D365C00EFED9F = {
						CreatedOnToolsVersion = 10.3;
						TestTargetID = ECF81193235D365B00EFED9F;
					};
					ECF811B2235D365C00EFED9F = {
						CreatedOnToolsVersion = 10.3;
						TestTargetID = ECF81193235D365B00EFED9F;
					};
				};
			};
			buildConfigurationList = ECF8118F235D365B00EFED9F /* Build configuration list for PBXProject "Flix" */;
			compatibilityVersion = "Xcode 9.3";
			developmentRegion = en;
			hasScannedForEncodings = 0;
			knownRegions = (
				en,
				Base,
			);
			mainGroup = ECF8118B235D365B00EFED9F;
			productRefGroup = ECF81195235D365B00EFED9F /* Products */;
			projectDirPath = "";
			projectRoot = "";
			targets = (
				ECF81193235D365B00EFED9F /* Flix */,
				ECF811A7235D365C00EFED9F /* FlixTests */,
				ECF811B2235D365C00EFED9F /* FlixUITests */,
			);
		};
/* End PBXProject section */

/* Begin PBXResourcesBuildPhase section */
		ECF81192235D365B00EFED9F /* Resources */ = {
			isa = PBXResourcesBuildPhase;
			buildActionMask = 2147483647;
			files = (
				ECF811A2235D365C00EFED9F /* LaunchScreen.storyboard in Resources */,
				ECF8119F235D365C00EFED9F /* Assets.xcassets in Resources */,
				ECF8119D235D365B00EFED9F /* Main.storyboard in Resources */,
			);
			runOnlyForDeploymentPostprocessing = 0;
		};
		ECF811A6235D365C00EFED9F /* Resources */ = {
			isa = PBXResourcesBuildPhase;
			buildActionMask = 2147483647;
			files = (
			);
			runOnlyForDeploymentPostprocessing = 0;
		};
		ECF811B1235D365C00EFED9F /* Resources */ = {
			isa = PBXResourcesBuildPhase;
			buildActionMask = 2147483647;
			files = (
			);
			runOnlyForDeploymentPostprocessing = 0;
		};
/* End PBXResourcesBuildPhase section */

/* Begin PBXShellScriptBuildPhase section */
		091528E329B1D10383B7754B /* [CP] Check Pods Manifest.lock */ = {
			isa = PBXShellScriptBuildPhase;
			buildActionMask = 2147483647;
			files = (
			);
			inputFileListPaths = (
			);
			inputPaths = (
				"${PODS_PODFILE_DIR_PATH}/Podfile.lock",
				"${PODS_ROOT}/Manifest.lock",
			);
			name = "[CP] Check Pods Manifest.lock";
			outputFileListPaths = (
			);
			outputPaths = (
				"$(DERIVED_FILE_DIR)/Pods-Flix-checkManifestLockResult.txt",
			);
			runOnlyForDeploymentPostprocessing = 0;
			shellPath = /bin/sh;
			shellScript = "diff \"${PODS_PODFILE_DIR_PATH}/Podfile.lock\" \"${PODS_ROOT}/Manifest.lock\" > /dev/null\nif [ $? != 0 ] ; then\n    # print error to STDERR\n    echo \"error: The sandbox is not in sync with the Podfile.lock. Run 'pod install' or update your CocoaPods installation.\" >&2\n    exit 1\nfi\n# This output is used by Xcode 'outputs' to avoid re-running this script phase.\necho \"SUCCESS\" > \"${SCRIPT_OUTPUT_FILE_0}\"\n";
			showEnvVarsInLog = 0;
		};
		72BBC711767E5E882096BFD3 /* [CP] Check Pods Manifest.lock */ = {
			isa = PBXShellScriptBuildPhase;
			buildActionMask = 2147483647;
			files = (
			);
			inputFileListPaths = (
			);
			inputPaths = (
				"${PODS_PODFILE_DIR_PATH}/Podfile.lock",
				"${PODS_ROOT}/Manifest.lock",
			);
			name = "[CP] Check Pods Manifest.lock";
			outputFileListPaths = (
			);
			outputPaths = (
				"$(DERIVED_FILE_DIR)/Pods-Flix-FlixUITests-checkManifestLockResult.txt",
			);
			runOnlyForDeploymentPostprocessing = 0;
			shellPath = /bin/sh;
			shellScript = "diff \"${PODS_PODFILE_DIR_PATH}/Podfile.lock\" \"${PODS_ROOT}/Manifest.lock\" > /dev/null\nif [ $? != 0 ] ; then\n    # print error to STDERR\n    echo \"error: The sandbox is not in sync with the Podfile.lock. Run 'pod install' or update your CocoaPods installation.\" >&2\n    exit 1\nfi\n# This output is used by Xcode 'outputs' to avoid re-running this script phase.\necho \"SUCCESS\" > \"${SCRIPT_OUTPUT_FILE_0}\"\n";
			showEnvVarsInLog = 0;
		};
		BA903CA6FFD24BC06B3D9D00 /* [CP] Check Pods Manifest.lock */ = {
			isa = PBXShellScriptBuildPhase;
			buildActionMask = 2147483647;
			files = (
			);
			inputFileListPaths = (
			);
			inputPaths = (
				"${PODS_PODFILE_DIR_PATH}/Podfile.lock",
				"${PODS_ROOT}/Manifest.lock",
			);
			name = "[CP] Check Pods Manifest.lock";
			outputFileListPaths = (
			);
			outputPaths = (
				"$(DERIVED_FILE_DIR)/Pods-FlixTests-checkManifestLockResult.txt",
			);
			runOnlyForDeploymentPostprocessing = 0;
			shellPath = /bin/sh;
			shellScript = "diff \"${PODS_PODFILE_DIR_PATH}/Podfile.lock\" \"${PODS_ROOT}/Manifest.lock\" > /dev/null\nif [ $? != 0 ] ; then\n    # print error to STDERR\n    echo \"error: The sandbox is not in sync with the Podfile.lock. Run 'pod install' or update your CocoaPods installation.\" >&2\n    exit 1\nfi\n# This output is used by Xcode 'outputs' to avoid re-running this script phase.\necho \"SUCCESS\" > \"${SCRIPT_OUTPUT_FILE_0}\"\n";
			showEnvVarsInLog = 0;
		};
		D4FEA503340E2B95FD25B630 /* [CP] Embed Pods Frameworks */ = {
			isa = PBXShellScriptBuildPhase;
			buildActionMask = 2147483647;
			files = (
			);
			inputFileListPaths = (
				"${PODS_ROOT}/Target Support Files/Pods-Flix-FlixUITests/Pods-Flix-FlixUITests-frameworks-${CONFIGURATION}-input-files.xcfilelist",
			);
			name = "[CP] Embed Pods Frameworks";
			outputFileListPaths = (
				"${PODS_ROOT}/Target Support Files/Pods-Flix-FlixUITests/Pods-Flix-FlixUITests-frameworks-${CONFIGURATION}-output-files.xcfilelist",
			);
			runOnlyForDeploymentPostprocessing = 0;
			shellPath = /bin/sh;
			shellScript = "\"${PODS_ROOT}/Target Support Files/Pods-Flix-FlixUITests/Pods-Flix-FlixUITests-frameworks.sh\"\n";
			showEnvVarsInLog = 0;
		};
		DFB1AE7A902754A7F7C62C58 /* [CP] Embed Pods Frameworks */ = {
			isa = PBXShellScriptBuildPhase;
			buildActionMask = 2147483647;
			files = (
			);
			inputFileListPaths = (
				"${PODS_ROOT}/Target Support Files/Pods-Flix/Pods-Flix-frameworks-${CONFIGURATION}-input-files.xcfilelist",
			);
			name = "[CP] Embed Pods Frameworks";
			outputFileListPaths = (
				"${PODS_ROOT}/Target Support Files/Pods-Flix/Pods-Flix-frameworks-${CONFIGURATION}-output-files.xcfilelist",
			);
			runOnlyForDeploymentPostprocessing = 0;
			shellPath = /bin/sh;
			shellScript = "\"${PODS_ROOT}/Target Support Files/Pods-Flix/Pods-Flix-frameworks.sh\"\n";
			showEnvVarsInLog = 0;
		};
/* End PBXShellScriptBuildPhase section */

/* Begin PBXSourcesBuildPhase section */
		ECF81190235D365B00EFED9F /* Sources */ = {
			isa = PBXSourcesBuildPhase;
			buildActionMask = 2147483647;
			files = (
				ECF8119A235D365B00EFED9F /* ViewController.swift in Sources */,
				EC4183182363B48F002D6450 /* MovieDetailViewController.swift in Sources */,
				ECF81198235D365B00EFED9F /* AppDelegate.swift in Sources */,
				EC9DAF16235D5A0F009839C2 /* MovieCell.swift in Sources */,
				ECF811C6235D3BD100EFED9F /* MoviesViewController.swift in Sources */,
				EC41831A2363D211002D6450 /* MovieGridViewController.swift in Sources */,
				EC41831C2363D531002D6450 /* MovieGridCell.swift in Sources */,
			);
			runOnlyForDeploymentPostprocessing = 0;
		};
		ECF811A4235D365C00EFED9F /* Sources */ = {
			isa = PBXSourcesBuildPhase;
			buildActionMask = 2147483647;
			files = (
				ECF811AD235D365C00EFED9F /* FlixTests.swift in Sources */,
			);
			runOnlyForDeploymentPostprocessing = 0;
		};
		ECF811AF235D365C00EFED9F /* Sources */ = {
			isa = PBXSourcesBuildPhase;
			buildActionMask = 2147483647;
			files = (
				ECF811B8235D365C00EFED9F /* FlixUITests.swift in Sources */,
			);
			runOnlyForDeploymentPostprocessing = 0;
		};
/* End PBXSourcesBuildPhase section */

/* Begin PBXTargetDependency section */
		ECF811AA235D365C00EFED9F /* PBXTargetDependency */ = {
			isa = PBXTargetDependency;
			target = ECF81193235D365B00EFED9F /* Flix */;
			targetProxy = ECF811A9235D365C00EFED9F /* PBXContainerItemProxy */;
		};
		ECF811B5235D365C00EFED9F /* PBXTargetDependency */ = {
			isa = PBXTargetDependency;
			target = ECF81193235D365B00EFED9F /* Flix */;
			targetProxy = ECF811B4235D365C00EFED9F /* PBXContainerItemProxy */;
		};
/* End PBXTargetDependency section */

/* Begin PBXVariantGroup section */
		ECF8119B235D365B00EFED9F /* Main.storyboard */ = {
			isa = PBXVariantGroup;
			children = (
				ECF8119C235D365B00EFED9F /* Base */,
			);
			name = Main.storyboard;
			sourceTree = "<group>";
		};
		ECF811A0235D365C00EFED9F /* LaunchScreen.storyboard */ = {
			isa = PBXVariantGroup;
			children = (
				ECF811A1235D365C00EFED9F /* Base */,
			);
			name = LaunchScreen.storyboard;
			sourceTree = "<group>";
		};
/* End PBXVariantGroup section */

/* Begin XCBuildConfiguration section */
		ECF811BA235D365C00EFED9F /* Debug */ = {
			isa = XCBuildConfiguration;
			buildSettings = {
				ALWAYS_SEARCH_USER_PATHS = NO;
				CLANG_ANALYZER_NONNULL = YES;
				CLANG_ANALYZER_NUMBER_OBJECT_CONVERSION = YES_AGGRESSIVE;
				CLANG_CXX_LANGUAGE_STANDARD = "gnu++14";
				CLANG_CXX_LIBRARY = "libc++";
				CLANG_ENABLE_MODULES = YES;
				CLANG_ENABLE_OBJC_ARC = YES;
				CLANG_ENABLE_OBJC_WEAK = YES;
				CLANG_WARN_BLOCK_CAPTURE_AUTORELEASING = YES;
				CLANG_WARN_BOOL_CONVERSION = YES;
				CLANG_WARN_COMMA = YES;
				CLANG_WARN_CONSTANT_CONVERSION = YES;
				CLANG_WARN_DEPRECATED_OBJC_IMPLEMENTATIONS = YES;
				CLANG_WARN_DIRECT_OBJC_ISA_USAGE = YES_ERROR;
				CLANG_WARN_DOCUMENTATION_COMMENTS = YES;
				CLANG_WARN_EMPTY_BODY = YES;
				CLANG_WARN_ENUM_CONVERSION = YES;
				CLANG_WARN_INFINITE_RECURSION = YES;
				CLANG_WARN_INT_CONVERSION = YES;
				CLANG_WARN_NON_LITERAL_NULL_CONVERSION = YES;
				CLANG_WARN_OBJC_IMPLICIT_RETAIN_SELF = YES;
				CLANG_WARN_OBJC_LITERAL_CONVERSION = YES;
				CLANG_WARN_OBJC_ROOT_CLASS = YES_ERROR;
				CLANG_WARN_RANGE_LOOP_ANALYSIS = YES;
				CLANG_WARN_STRICT_PROTOTYPES = YES;
				CLANG_WARN_SUSPICIOUS_MOVE = YES;
				CLANG_WARN_UNGUARDED_AVAILABILITY = YES_AGGRESSIVE;
				CLANG_WARN_UNREACHABLE_CODE = YES;
				CLANG_WARN__DUPLICATE_METHOD_MATCH = YES;
				CODE_SIGN_IDENTITY = "iPhone Developer";
				COPY_PHASE_STRIP = NO;
				DEBUG_INFORMATION_FORMAT = dwarf;
				ENABLE_STRICT_OBJC_MSGSEND = YES;
				ENABLE_TESTABILITY = YES;
				GCC_C_LANGUAGE_STANDARD = gnu11;
				GCC_DYNAMIC_NO_PIC = NO;
				GCC_NO_COMMON_BLOCKS = YES;
				GCC_OPTIMIZATION_LEVEL = 0;
				GCC_PREPROCESSOR_DEFINITIONS = (
					"DEBUG=1",
					"$(inherited)",
				);
				GCC_WARN_64_TO_32_BIT_CONVERSION = YES;
				GCC_WARN_ABOUT_RETURN_TYPE = YES_ERROR;
				GCC_WARN_UNDECLARED_SELECTOR = YES;
				GCC_WARN_UNINITIALIZED_AUTOS = YES_AGGRESSIVE;
				GCC_WARN_UNUSED_FUNCTION = YES;
				GCC_WARN_UNUSED_VARIABLE = YES;
				IPHONEOS_DEPLOYMENT_TARGET = 12.4;
				MTL_ENABLE_DEBUG_INFO = INCLUDE_SOURCE;
				MTL_FAST_MATH = YES;
				ONLY_ACTIVE_ARCH = YES;
				SDKROOT = iphoneos;
				SWIFT_ACTIVE_COMPILATION_CONDITIONS = DEBUG;
				SWIFT_OPTIMIZATION_LEVEL = "-Onone";
			};
			name = Debug;
		};
		ECF811BB235D365C00EFED9F /* Release */ = {
			isa = XCBuildConfiguration;
			buildSettings = {
				ALWAYS_SEARCH_USER_PATHS = NO;
				CLANG_ANALYZER_NONNULL = YES;
				CLANG_ANALYZER_NUMBER_OBJECT_CONVERSION = YES_AGGRESSIVE;
				CLANG_CXX_LANGUAGE_STANDARD = "gnu++14";
				CLANG_CXX_LIBRARY = "libc++";
				CLANG_ENABLE_MODULES = YES;
				CLANG_ENABLE_OBJC_ARC = YES;
				CLANG_ENABLE_OBJC_WEAK = YES;
				CLANG_WARN_BLOCK_CAPTURE_AUTORELEASING = YES;
				CLANG_WARN_BOOL_CONVERSION = YES;
				CLANG_WARN_COMMA = YES;
				CLANG_WARN_CONSTANT_CONVERSION = YES;
				CLANG_WARN_DEPRECATED_OBJC_IMPLEMENTATIONS = YES;
				CLANG_WARN_DIRECT_OBJC_ISA_USAGE = YES_ERROR;
				CLANG_WARN_DOCUMENTATION_COMMENTS = YES;
				CLANG_WARN_EMPTY_BODY = YES;
				CLANG_WARN_ENUM_CONVERSION = YES;
				CLANG_WARN_INFINITE_RECURSION = YES;
				CLANG_WARN_INT_CONVERSION = YES;
				CLANG_WARN_NON_LITERAL_NULL_CONVERSION = YES;
				CLANG_WARN_OBJC_IMPLICIT_RETAIN_SELF = YES;
				CLANG_WARN_OBJC_LITERAL_CONVERSION = YES;
				CLANG_WARN_OBJC_ROOT_CLASS = YES_ERROR;
				CLANG_WARN_RANGE_LOOP_ANALYSIS = YES;
				CLANG_WARN_STRICT_PROTOTYPES = YES;
				CLANG_WARN_SUSPICIOUS_MOVE = YES;
				CLANG_WARN_UNGUARDED_AVAILABILITY = YES_AGGRESSIVE;
				CLANG_WARN_UNREACHABLE_CODE = YES;
				CLANG_WARN__DUPLICATE_METHOD_MATCH = YES;
				CODE_SIGN_IDENTITY = "iPhone Developer";
				COPY_PHASE_STRIP = NO;
				DEBUG_INFORMATION_FORMAT = "dwarf-with-dsym";
				ENABLE_NS_ASSERTIONS = NO;
				ENABLE_STRICT_OBJC_MSGSEND = YES;
				GCC_C_LANGUAGE_STANDARD = gnu11;
				GCC_NO_COMMON_BLOCKS = YES;
				GCC_WARN_64_TO_32_BIT_CONVERSION = YES;
				GCC_WARN_ABOUT_RETURN_TYPE = YES_ERROR;
				GCC_WARN_UNDECLARED_SELECTOR = YES;
				GCC_WARN_UNINITIALIZED_AUTOS = YES_AGGRESSIVE;
				GCC_WARN_UNUSED_FUNCTION = YES;
				GCC_WARN_UNUSED_VARIABLE = YES;
				IPHONEOS_DEPLOYMENT_TARGET = 12.4;
				MTL_ENABLE_DEBUG_INFO = NO;
				MTL_FAST_MATH = YES;
				SDKROOT = iphoneos;
				SWIFT_COMPILATION_MODE = wholemodule;
				SWIFT_OPTIMIZATION_LEVEL = "-O";
				VALIDATE_PRODUCT = YES;
			};
			name = Release;
		};
		ECF811BD235D365C00EFED9F /* Debug */ = {
			isa = XCBuildConfiguration;
			baseConfigurationReference = A693DB802A82FD85F779965D /* Pods-Flix.debug.xcconfig */;
			buildSettings = {
				ASSETCATALOG_COMPILER_APPICON_NAME = AppIcon;
				CODE_SIGN_STYLE = Automatic;
				DEVELOPMENT_TEAM = ZQ8LQ9LJRK;
				INFOPLIST_FILE = Flix/Info.plist;
				LD_RUNPATH_SEARCH_PATHS = (
					"$(inherited)",
					"@executable_path/Frameworks",
				);
				PRODUCT_BUNDLE_IDENTIFIER = codepath.Flix;
				PRODUCT_NAME = "$(TARGET_NAME)";
				SWIFT_VERSION = 5.0;
				TARGETED_DEVICE_FAMILY = "1,2";
			};
			name = Debug;
		};
		ECF811BE235D365C00EFED9F /* Release */ = {
			isa = XCBuildConfiguration;
			baseConfigurationReference = D88E32402458B38A78AC3D6A /* Pods-Flix.release.xcconfig */;
			buildSettings = {
				ASSETCATALOG_COMPILER_APPICON_NAME = AppIcon;
				CODE_SIGN_STYLE = Automatic;
				DEVELOPMENT_TEAM = ZQ8LQ9LJRK;
				INFOPLIST_FILE = Flix/Info.plist;
				LD_RUNPATH_SEARCH_PATHS = (
					"$(inherited)",
					"@executable_path/Frameworks",
				);
				PRODUCT_BUNDLE_IDENTIFIER = codepath.Flix;
				PRODUCT_NAME = "$(TARGET_NAME)";
				SWIFT_VERSION = 5.0;
				TARGETED_DEVICE_FAMILY = "1,2";
			};
			name = Release;
		};
		ECF811C0235D365C00EFED9F /* Debug */ = {
			isa = XCBuildConfiguration;
			baseConfigurationReference = 44D32BAF2CE7DA170F14C972 /* Pods-FlixTests.debug.xcconfig */;
			buildSettings = {
				ALWAYS_EMBED_SWIFT_STANDARD_LIBRARIES = YES;
				BUNDLE_LOADER = "$(TEST_HOST)";
				CODE_SIGN_STYLE = Automatic;
				DEVELOPMENT_TEAM = ZQ8LQ9LJRK;
				INFOPLIST_FILE = FlixTests/Info.plist;
				LD_RUNPATH_SEARCH_PATHS = (
					"$(inherited)",
					"@executable_path/Frameworks",
					"@loader_path/Frameworks",
				);
				PRODUCT_BUNDLE_IDENTIFIER = codepath.FlixTests;
				PRODUCT_NAME = "$(TARGET_NAME)";
				SWIFT_VERSION = 5.0;
				TARGETED_DEVICE_FAMILY = "1,2";
				TEST_HOST = "$(BUILT_PRODUCTS_DIR)/Flix.app/Flix";
			};
			name = Debug;
		};
		ECF811C1235D365C00EFED9F /* Release */ = {
			isa = XCBuildConfiguration;
			baseConfigurationReference = 7D3CA616FE64BAAE8339525B /* Pods-FlixTests.release.xcconfig */;
			buildSettings = {
				ALWAYS_EMBED_SWIFT_STANDARD_LIBRARIES = YES;
				BUNDLE_LOADER = "$(TEST_HOST)";
				CODE_SIGN_STYLE = Automatic;
				DEVELOPMENT_TEAM = ZQ8LQ9LJRK;
				INFOPLIST_FILE = FlixTests/Info.plist;
				LD_RUNPATH_SEARCH_PATHS = (
					"$(inherited)",
					"@executable_path/Frameworks",
					"@loader_path/Frameworks",
				);
				PRODUCT_BUNDLE_IDENTIFIER = codepath.FlixTests;
				PRODUCT_NAME = "$(TARGET_NAME)";
				SWIFT_VERSION = 5.0;
				TARGETED_DEVICE_FAMILY = "1,2";
				TEST_HOST = "$(BUILT_PRODUCTS_DIR)/Flix.app/Flix";
			};
			name = Release;
		};
		ECF811C3235D365C00EFED9F /* Debug */ = {
			isa = XCBuildConfiguration;
			baseConfigurationReference = 7C19953808BF436AF38F801C /* Pods-Flix-FlixUITests.debug.xcconfig */;
			buildSettings = {
				ALWAYS_EMBED_SWIFT_STANDARD_LIBRARIES = YES;
				CODE_SIGN_STYLE = Automatic;
				DEVELOPMENT_TEAM = ZQ8LQ9LJRK;
				INFOPLIST_FILE = FlixUITests/Info.plist;
				LD_RUNPATH_SEARCH_PATHS = (
					"$(inherited)",
					"@executable_path/Frameworks",
					"@loader_path/Frameworks",
				);
				PRODUCT_BUNDLE_IDENTIFIER = codepath.FlixUITests;
				PRODUCT_NAME = "$(TARGET_NAME)";
				SWIFT_VERSION = 5.0;
				TARGETED_DEVICE_FAMILY = "1,2";
				TEST_TARGET_NAME = Flix;
			};
			name = Debug;
		};
		ECF811C4235D365C00EFED9F /* Release */ = {
			isa = XCBuildConfiguration;
			baseConfigurationReference = A416F08FD8E3D5E02485771F /* Pods-Flix-FlixUITests.release.xcconfig */;
			buildSettings = {
				ALWAYS_EMBED_SWIFT_STANDARD_LIBRARIES = YES;
				CODE_SIGN_STYLE = Automatic;
				DEVELOPMENT_TEAM = ZQ8LQ9LJRK;
				INFOPLIST_FILE = FlixUITests/Info.plist;
				LD_RUNPATH_SEARCH_PATHS = (
					"$(inherited)",
					"@executable_path/Frameworks",
					"@loader_path/Frameworks",
				);
				PRODUCT_BUNDLE_IDENTIFIER = codepath.FlixUITests;
				PRODUCT_NAME = "$(TARGET_NAME)";
				SWIFT_VERSION = 5.0;
				TARGETED_DEVICE_FAMILY = "1,2";
				TEST_TARGET_NAME = Flix;
			};
			name = Release;
		};
/* End XCBuildConfiguration section */

/* Begin XCConfigurationList section */
		ECF8118F235D365B00EFED9F /* Build configuration list for PBXProject "Flix" */ = {
			isa = XCConfigurationList;
			buildConfigurations = (
				ECF811BA235D365C00EFED9F /* Debug */,
				ECF811BB235D365C00EFED9F /* Release */,
			);
			defaultConfigurationIsVisible = 0;
			defaultConfigurationName = Release;
		};
		ECF811BC235D365C00EFED9F /* Build configuration list for PBXNativeTarget "Flix" */ = {
			isa = XCConfigurationList;
			buildConfigurations = (
				ECF811BD235D365C00EFED9F /* Debug */,
				ECF811BE235D365C00EFED9F /* Release */,
			);
			defaultConfigurationIsVisible = 0;
			defaultConfigurationName = Release;
		};
		ECF811BF235D365C00EFED9F /* Build configuration list for PBXNativeTarget "FlixTests" */ = {
			isa = XCConfigurationList;
			buildConfigurations = (
				ECF811C0235D365C00EFED9F /* Debug */,
				ECF811C1235D365C00EFED9F /* Release */,
			);
			defaultConfigurationIsVisible = 0;
			defaultConfigurationName = Release;
		};
		ECF811C2235D365C00EFED9F /* Build configuration list for PBXNativeTarget "FlixUITests" */ = {
			isa = XCConfigurationList;
			buildConfigurations = (
				ECF811C3235D365C00EFED9F /* Debug */,
				ECF811C4235D365C00EFED9F /* Release */,
			);
			defaultConfigurationIsVisible = 0;
			defaultConfigurationName = Release;
		};
/* End XCConfigurationList section */
	};
	rootObject = ECF8118C235D365B00EFED9F /* Project object */;
}
